
Microsoft Visual Studio Solution File, Format Version 12.00
# Visual Studio Version 17
VisualStudioVersion = 17.11.35303.130
MinimumVisualStudioVersion = 10.0.40219.1
Project("{FAE04EC0-301F-11D3-BF4B-00C04F79EFBC}") = "Разработка магазина для продажи стройматериалов", "Разработка магазина для продажи стройматериалов\Разработка магазина для продажи стройматериалов.csproj", "{1F1E9951-B181-4906-81CB-5F5A412CB181}"
EndProject
Global
	GlobalSection(SolutionConfigurationPlatforms) = preSolution
		Debug|Any CPU = Debug|Any CPU
		Release|Any CPU = Release|Any CPU
	EndGlobalSection
	GlobalSection(ProjectConfigurationPlatforms) = postSolution
		{1F1E9951-B181-4906-81CB-5F5A412CB181}.Debug|Any CPU.ActiveCfg = Debug|Any CPU
		{1F1E9951-B181-4906-81CB-5F5A412CB181}.Debug|Any CPU.Build.0 = Debug|Any CPU
		{1F1E9951-B181-4906-81CB-5F5A412CB181}.Release|Any CPU.ActiveCfg = Release|Any CPU
		{1F1E9951-B181-4906-81CB-5F5A412CB181}.Release|Any CPU.Build.0 = Release|Any CPU
	EndGlobalSection
	GlobalSection(SolutionProperties) = preSolution
		HideSolutionNode = FALSE
	EndGlobalSection
	GlobalSection(ExtensibilityGlobals) = postSolution
		SolutionGuid = {7BF01819-C97C-434F-A7FB-04650E3B295C}
	EndGlobalSection
EndGlobal
